
Microsoft Visual Studio Solution File, Format Version 12.00
# Visual Studio Version 17
VisualStudioVersion = 17.1.31911.260
MinimumVisualStudioVersion = 10.0.40219.1
Project("{FAE04EC0-301F-11D3-BF4B-00C04F79EFBC}") = "SimLab№2", "SimLab№2\SimLab№2.csproj", "{BA8348A9-677F-4A0A-B80C-5092029A1B84}"
EndProject
Global
	GlobalSection(SolutionConfigurationPlatforms) = preSolution
		Debug|Any CPU = Debug|Any CPU
		Release|Any CPU = Release|Any CPU
	EndGlobalSection
	GlobalSection(ProjectConfigurationPlatforms) = postSolution
		{BA8348A9-677F-4A0A-B80C-5092029A1B84}.Debug|Any CPU.ActiveCfg = Debug|Any CPU
		{BA8348A9-677F-4A0A-B80C-5092029A1B84}.Debug|Any CPU.Build.0 = Debug|Any CPU
		{BA8348A9-677F-4A0A-B80C-5092029A1B84}.Release|Any CPU.ActiveCfg = Release|Any CPU
		{BA8348A9-677F-4A0A-B80C-5092029A1B84}.Release|Any CPU.Build.0 = Release|Any CPU
	EndGlobalSection
	GlobalSection(SolutionProperties) = preSolution
		HideSolutionNode = FALSE
	EndGlobalSection
	GlobalSection(ExtensibilityGlobals) = postSolution
		SolutionGuid = {9213D5D8-7378-432F-95DC-BEB438624B1B}
	EndGlobalSection
EndGlobal
